
Microsoft Visual Studio Solution File, Format Version 12.00
# Visual Studio 15
VisualStudioVersion = 15.0.28010.2036
MinimumVisualStudioVersion = 10.0.40219.1
Project("{FAE04EC0-301F-11D3-BF4B-00C04F79EFBC}") = "Autocomplete", "Autocomplete\Autocomplete.csproj", "{37A43983-1B18-44A0-9E1C-6D856B6B6557}"
EndProject
Project("{FAE04EC0-301F-11D3-BF4B-00C04F79EFBC}") = "AutocompleteTests", "AutocompleteTests\AutocompleteTests.csproj", "{F1FF59C1-2055-4BF2-AFBC-471DE0EFC0F9}"
EndProject
Project("{FAE04EC0-301F-11D3-BF4B-00C04F79EFBC}") = "UI_example", "UI_example\UI_example.csproj", "{E7539648-A426-447D-8563-AF9A454BC0A7}"
EndProject
Global
	GlobalSection(SolutionConfigurationPlatforms) = preSolution
		Debug|Any CPU = Debug|Any CPU
		Release|Any CPU = Release|Any CPU
	EndGlobalSection
	GlobalSection(ProjectConfigurationPlatforms) = postSolution
		{37A43983-1B18-44A0-9E1C-6D856B6B6557}.Debug|Any CPU.ActiveCfg = Debug|Any CPU
		{37A43983-1B18-44A0-9E1C-6D856B6B6557}.Debug|Any CPU.Build.0 = Debug|Any CPU
		{37A43983-1B18-44A0-9E1C-6D856B6B6557}.Release|Any CPU.ActiveCfg = Release|Any CPU
		{37A43983-1B18-44A0-9E1C-6D856B6B6557}.Release|Any CPU.Build.0 = Release|Any CPU
		{F1FF59C1-2055-4BF2-AFBC-471DE0EFC0F9}.Debug|Any CPU.ActiveCfg = Debug|Any CPU
		{F1FF59C1-2055-4BF2-AFBC-471DE0EFC0F9}.Debug|Any CPU.Build.0 = Debug|Any CPU
		{F1FF59C1-2055-4BF2-AFBC-471DE0EFC0F9}.Release|Any CPU.ActiveCfg = Release|Any CPU
		{F1FF59C1-2055-4BF2-AFBC-471DE0EFC0F9}.Release|Any CPU.Build.0 = Release|Any CPU
		{E7539648-A426-447D-8563-AF9A454BC0A7}.Debug|Any CPU.ActiveCfg = Debug|Any CPU
		{E7539648-A426-447D-8563-AF9A454BC0A7}.Debug|Any CPU.Build.0 = Debug|Any CPU
		{E7539648-A426-447D-8563-AF9A454BC0A7}.Release|Any CPU.ActiveCfg = Release|Any CPU
		{E7539648-A426-447D-8563-AF9A454BC0A7}.Release|Any CPU.Build.0 = Release|Any CPU
	EndGlobalSection
	GlobalSection(SolutionProperties) = preSolution
		HideSolutionNode = FALSE
	EndGlobalSection
	GlobalSection(ExtensibilityGlobals) = postSolution
		SolutionGuid = {A47BFD86-5B26-42F9-BB3D-6210AAC66D4F}
	EndGlobalSection
EndGlobal
